<?xml version="1.0" encoding="utf-8"?>
<Project ToolsVersion="4.0" xmlns="http://schemas.microsoft.com/developer/msbuild/2003">
  <ItemGroup>
    <ClCompile Include="..\src\align.cpp" />
    <ClCompile Include="..\src\align_stack.cpp" />
    <ClCompile Include="..\src\args.cpp" />
    <ClCompile Include="..\src\backup.cpp" />
    <ClCompile Include="..\src\brace_cleanup.cpp" />
    <ClCompile Include="..\src\braces.cpp" />
    <ClCompile Include="..\src\chunk_list.cpp" />
    <ClCompile Include="..\src\ChunkStack.cpp" />
    <ClCompile Include="..\src\combine.cpp" />
    <ClCompile Include="..\src\compat_win32.cpp" />
    <ClCompile Include="..\src\defines.cpp" />
    <ClCompile Include="..\src\detect.cpp" />
    <ClCompile Include="..\src\indent.cpp" />
    <ClCompile Include="..\src\keywords.cpp" />
    <ClCompile Include="..\src\lang_pawn.cpp" />
    <ClCompile Include="..\src\logger.cpp" />
    <ClCompile Include="..\src\logmask.cpp" />
    <ClCompile Include="..\src\md5.cpp" />
    <ClCompile Include="..\src\newlines.cpp" />
    <ClCompile Include="..\src\options.cpp" />
    <ClCompile Include="..\src\output.cpp" />
    <ClCompile Include="..\src\parens.cpp" />
    <ClCompile Include="..\src\parse_frame.cpp" />
    <ClCompile Include="..\src\punctuators.cpp" />
    <ClCompile Include="..\src\semicolons.cpp" />
    <ClCompile Include="..\src\sorting.cpp" />
    <ClCompile Include="..\src\space.cpp" />
    <ClCompile Include="..\src\tokenize.cpp" />
    <ClCompile Include="..\src\tokenize_cleanup.cpp" />
    <ClCompile Include="..\src\uncrustify.cpp" />
    <ClCompile Include="..\src\unc_text.cpp" />
    <ClCompile Include="..\src\unicode.cpp" />
    <ClCompile Include="..\src\universalindentgui.cpp" />
    <ClCompile Include="..\src\width.cpp" />
  </ItemGroup>
  <ItemGroup>
    <ClInclude Include="..\src\align_stack.h" />
    <ClInclude Include="..\src\backup.h" />
    <ClInclude Include="..\src\base_types.h" />
    <ClInclude Include="..\src\char_table.h" />
    <ClInclude Include="..\src\chunk_list.h" />
    <ClInclude Include="..\src\ChunkStack.h" />
    <ClInclude Include="..\src\config.h" />
    <ClInclude Include="..\src\ListManager.h" />
    <ClInclude Include="..\src\log_levels.h" />
    <ClInclude Include="..\src\logger.h" />
    <ClInclude Include="..\src\logmask.h" />
    <ClInclude Include="..\src\md5.h" />
    <ClInclude Include="..\src\options.h" />
    <ClInclude Include="..\src\prototypes.h" />
    <ClInclude Include="..\src\punctuators.h" />
    <ClInclude Include="..\src\token_enum.h" />
    <ClInclude Include="..\src\token_names.h" />
    <ClInclude Include="..\src\uncrustify_types.h" />
    <ClInclude Include="..\src\uncrustify_version.h" />
    <ClInclude Include="..\src\unc_ctype.h" />
    <ClInclude Include="..\src\unc_text.h" />
    <ClInclude Include="windows_compat.h" />
    <ClInclude Include="..\src\args.h">
      <Filter>x</Filter>
    </ClInclude>
  </ItemGroup>
  <ItemGroup>
    <None Include="..\Makefile.am" />
    <None Include="..\make_punctuators.sh" />
    <None Include="..\scripts\check_options.py" />
    <None Include="..\scripts\cmpcfg.pl" />
    <None Include="..\scripts\punc.py" />
    <None Include="..\scripts\tokenize.py" />
    <None Include="..\scripts\update-defaults.sh" />
    <None Include="..\src\config.h.in" />
    <None Include="..\src\Makefile.am" />
    <None Include="..\src\uncrustify_version.h.in" />
    <None Include="..\documentation\align-thresholds.txt" />
    <None Include="..\AUTHORS" />
    <None Include="..\autogen.sh" />
    <None Include="..\bootstrap" />
    <None Include="..\BUGS" />
    <None Include="..\ChangeLog" />
    <None Include="..\configure.in" />
    <None Include="..\COPYING" />
    <None Include="..\documentation\goals.txt" />
    <None Include="..\HELP" />
    <None Include="..\INSTALL" />
    <None Include="..\make_token_names.sh" />
    <None Include="..\make_win32.sh" />
    <None Include="..\mk_all_distros.sh" />
    <None Include="..\NEWS" />
    <None Include="..\documentation\overview.odt" />
    <None Include="..\documentation\paren_stack.txt" />
    <None Include="..\README" />
    <None Include="..\release-steps.txt" />
    <None Include="..\run_tests.sh" />
    <None Include="..\documentation\theory.txt" />
    <None Include="..\tests\c-sharp.test" />
    <None Include="..\tests\c.test" />
    <None Include="..\tests\cpp.test" />
    <None Include="..\tests\d.test" />
    <None Include="..\tests\difftest.sh" />
    <None Include="..\tests\ecma.test" />
    <None Include="..\tests\fixtest.sh" />
    <None Include="..\tests\java.test" />
    <None Include="..\tests\objective-c.test" />
    <None Include="..\tests\pawn.test" />
    <None Include="..\tests\php.test" />
    <None Include="..\tests\run_tests.py" />
    <None Include="..\tests\tests.vpj" />
    <None Include="..\tests\vala.test" />
    <None Include="..\todo.txt" />
    <None Include="..\update-default-cfg.sh" />
    <None Include="..\working.txt" />
    <None Include="..\documentation\htdocs\ben.cfg.txt" />
    <None Include="..\documentation\htdocs\ChangeLog" />
    <None Include="..\documentation\htdocs\config.txt" />
    <None Include="..\documentation\htdocs\configuration.txt" />
    <None Include="..\documentation\htdocs\default.cfg" />
    <None Include="..\documentation\htdocs\index.html" />
    <None Include="..\documentation\htdocs\linux.cfg.txt" />
    <None Include="..\documentation\htdocs\project-support.jpg" />
    <None Include="..\documentation\htdocs\uncrustify.css" />
    <None Include="..\documentation\htdocs\uncrustify.html" />
    <None Include="..\documentation\htdocs\images\linuxlinks.gif" />
    <None Include="..\man\Makefile.am" />
    <None Include="..\man\uncrustify.1" />
    <None Include="..\man\uncrustify.1.in" />
  </ItemGroup>
  <ItemGroup>
    <Filter Include="x">
      <UniqueIdentifier>{fa16eec3-c84c-4ea0-9c85-03a33b228844}</UniqueIdentifier>
    </Filter>
  </ItemGroup>
</Project>